
Microsoft Visual Studio Solution File, Format Version 12.00
# Visual Studio Version 17
VisualStudioVersion = 17.4.33205.214
MinimumVisualStudioVersion = 10.0.40219.1
Project("{FAE04EC0-301F-11D3-BF4B-00C04F79EFBC}") = "WindowsFormsApp_tamagotchi", "WindowsFormsApp_tamagotchi.csproj", "{31AF6790-F288-43A1-A66D-A17EB462C657}"
EndProject
Global
	GlobalSection(SolutionConfigurationPlatforms) = preSolution
		Debug|Any CPU = Debug|Any CPU
		Release|Any CPU = Release|Any CPU
	EndGlobalSection
	GlobalSection(ProjectConfigurationPlatforms) = postSolution
		{31AF6790-F288-43A1-A66D-A17EB462C657}.Debug|Any CPU.ActiveCfg = Debug|Any CPU
		{31AF6790-F288-43A1-A66D-A17EB462C657}.Debug|Any CPU.Build.0 = Debug|Any CPU
		{31AF6790-F288-43A1-A66D-A17EB462C657}.Release|Any CPU.ActiveCfg = Release|Any CPU
		{31AF6790-F288-43A1-A66D-A17EB462C657}.Release|Any CPU.Build.0 = Release|Any CPU
	EndGlobalSection
	GlobalSection(SolutionProperties) = preSolution
		HideSolutionNode = FALSE
	EndGlobalSection
	GlobalSection(ExtensibilityGlobals) = postSolution
		SolutionGuid = {40F92213-347C-4834-9847-C73B615CA601}
	EndGlobalSection
EndGlobal
